
Microsoft Visual Studio Solution File, Format Version 12.00
# Visual Studio Version 17
VisualStudioVersion = 17.10.35122.118
MinimumVisualStudioVersion = 10.0.40219.1
Project("{FAE04EC0-301F-11D3-BF4B-00C04F79EFBC}") = "Configuration", "Configuration.csproj", "{F4D4A988-4D50-4506-BBA0-3D5B246E7182}"
EndProject
Global
	GlobalSection(SolutionConfigurationPlatforms) = preSolution
		Debug|Any CPU = Debug|Any CPU
		Release|Any CPU = Release|Any CPU
	EndGlobalSection
	GlobalSection(ProjectConfigurationPlatforms) = postSolution
		{F4D4A988-4D50-4506-BBA0-3D5B246E7182}.Debug|Any CPU.ActiveCfg = Debug|Any CPU
		{F4D4A988-4D50-4506-BBA0-3D5B246E7182}.Debug|Any CPU.Build.0 = Debug|Any CPU
		{F4D4A988-4D50-4506-BBA0-3D5B246E7182}.Release|Any CPU.ActiveCfg = Release|Any CPU
		{F4D4A988-4D50-4506-BBA0-3D5B246E7182}.Release|Any CPU.Build.0 = Release|Any CPU
	EndGlobalSection
	GlobalSection(SolutionProperties) = preSolution
		HideSolutionNode = FALSE
	EndGlobalSection
	GlobalSection(ExtensibilityGlobals) = postSolution
		SolutionGuid = {A0279346-DA81-4CED-AFC2-42ECDF87FC8D}
	EndGlobalSection
EndGlobal
